// !$*UTF8*$!
{
	archiveVersion = 1;
	classes = {
	};
	objectVersion = 56;
	objects = {

/* Begin PBXBuildFile section */
		75B10DD12C6A2A65000C13B0 /* AppDelegate.swift in Sources */ = {isa = PBXBuildFile; fileRef = 75B10DD02C6A2A65000C13B0 /* AppDelegate.swift */; };
		75B10DD32C6A2A65000C13B0 /* SceneDelegate.swift in Sources */ = {isa = PBXBuildFile; fileRef = 75B10DD22C6A2A65000C13B0 /* SceneDelegate.swift */; };
		75B10DD52C6A2A65000C13B0 /* HomeViewController.swift in Sources */ = {isa = PBXBuildFile; fileRef = 75B10DD42C6A2A65000C13B0 /* HomeViewController.swift */; };
		75B10DDA2C6A2A67000C13B0 /* Assets.xcassets in Resources */ = {isa = PBXBuildFile; fileRef = 75B10DD92C6A2A67000C13B0 /* Assets.xcassets */; };
		75B10DDD2C6A2A67000C13B0 /* Base in Resources */ = {isa = PBXBuildFile; fileRef = 75B10DDC2C6A2A67000C13B0 /* Base */; };
		75B10DE62C6A2EC7000C13B0 /* HomeViewModel.swift in Sources */ = {isa = PBXBuildFile; fileRef = 75B10DE52C6A2EC7000C13B0 /* HomeViewModel.swift */; };
		75B10DE82C6A2EF1000C13B0 /* HomeModel.swift in Sources */ = {isa = PBXBuildFile; fileRef = 75B10DE72C6A2EF1000C13B0 /* HomeModel.swift */; };
		75B10DEA2C6A2FBD000C13B0 /* HomeBuilder.swift in Sources */ = {isa = PBXBuildFile; fileRef = 75B10DE92C6A2FBD000C13B0 /* HomeBuilder.swift */; };
		75B10DEE2C6A32AC000C13B0 /* MainView.swift in Sources */ = {isa = PBXBuildFile; fileRef = 75B10DED2C6A32AC000C13B0 /* MainView.swift */; };
		75B10DF22C6A32F7000C13B0 /* MainBuilder.swift in Sources */ = {isa = PBXBuildFile; fileRef = 75B10DF12C6A32F7000C13B0 /* MainBuilder.swift */; };
		75B10DF52C6A5642000C13B0 /* SettingsView.swift in Sources */ = {isa = PBXBuildFile; fileRef = 75B10DF42C6A5642000C13B0 /* SettingsView.swift */; };
		75B10DF72C6A564D000C13B0 /* SettingsViewModel.swift in Sources */ = {isa = PBXBuildFile; fileRef = 75B10DF62C6A564D000C13B0 /* SettingsViewModel.swift */; };
		75B10DF92C6A5658000C13B0 /* SettingsModel.swift in Sources */ = {isa = PBXBuildFile; fileRef = 75B10DF82C6A5658000C13B0 /* SettingsModel.swift */; };
		75B10DFB2C6A566C000C13B0 /* SettingsBuilder.swift in Sources */ = {isa = PBXBuildFile; fileRef = 75B10DFA2C6A566C000C13B0 /* SettingsBuilder.swift */; };
		75B10DFE2C6A5BAA000C13B0 /* SettingCell.swift in Sources */ = {isa = PBXBuildFile; fileRef = 75B10DFD2C6A5BAA000C13B0 /* SettingCell.swift */; };
		75B10E022C6BD48A000C13B0 /* UITableViewCell.swift in Sources */ = {isa = PBXBuildFile; fileRef = 75B10E012C6BD48A000C13B0 /* UITableViewCell.swift */; };
		75B10E052C6BD4C4000C13B0 /* Grid.swift in Sources */ = {isa = PBXBuildFile; fileRef = 75B10E042C6BD4C4000C13B0 /* Grid.swift */; };
		75B10E072C6BD732000C13B0 /* UITableView.swift in Sources */ = {isa = PBXBuildFile; fileRef = 75B10E062C6BD731000C13B0 /* UITableView.swift */; };
		75B10E0E2C78A42D000C13B0 /* MainViewModel.swift in Sources */ = {isa = PBXBuildFile; fileRef = 75B10E0D2C78A42D000C13B0 /* MainViewModel.swift */; };
/* End PBXBuildFile section */

/* Begin PBXFileReference section */
		75B10DCD2C6A2A65000C13B0 /* Photo Redactor.app */ = {isa = PBXFileReference; explicitFileType = wrapper.application; includeInIndex = 0; path = "Photo Redactor.app"; sourceTree = BUILT_PRODUCTS_DIR; };
		75B10DD02C6A2A65000C13B0 /* AppDelegate.swift */ = {isa = PBXFileReference; lastKnownFileType = sourcecode.swift; path = AppDelegate.swift; sourceTree = "<group>"; };
		75B10DD22C6A2A65000C13B0 /* SceneDelegate.swift */ = {isa = PBXFileReference; lastKnownFileType = sourcecode.swift; path = SceneDelegate.swift; sourceTree = "<group>"; };
		75B10DD42C6A2A65000C13B0 /* HomeViewController.swift */ = {isa = PBXFileReference; lastKnownFileType = sourcecode.swift; path = HomeViewController.swift; sourceTree = "<group>"; };
		75B10DD92C6A2A67000C13B0 /* Assets.xcassets */ = {isa = PBXFileReference; lastKnownFileType = folder.assetcatalog; path = Assets.xcassets; sourceTree = "<group>"; };
		75B10DDC2C6A2A67000C13B0 /* Base */ = {isa = PBXFileReference; lastKnownFileType = file.storyboard; name = Base; path = Base.lproj/LaunchScreen.storyboard; sourceTree = "<group>"; };
		75B10DDE2C6A2A67000C13B0 /* Info.plist */ = {isa = PBXFileReference; lastKnownFileType = text.plist.xml; path = Info.plist; sourceTree = "<group>"; };
		75B10DE52C6A2EC7000C13B0 /* HomeViewModel.swift */ = {isa = PBXFileReference; lastKnownFileType = sourcecode.swift; path = HomeViewModel.swift; sourceTree = "<group>"; };
		75B10DE72C6A2EF1000C13B0 /* HomeModel.swift */ = {isa = PBXFileReference; lastKnownFileType = sourcecode.swift; path = HomeModel.swift; sourceTree = "<group>"; };
		75B10DE92C6A2FBD000C13B0 /* HomeBuilder.swift */ = {isa = PBXFileReference; lastKnownFileType = sourcecode.swift; path = HomeBuilder.swift; sourceTree = "<group>"; };
		75B10DED2C6A32AC000C13B0 /* MainView.swift */ = {isa = PBXFileReference; lastKnownFileType = sourcecode.swift; path = MainView.swift; sourceTree = "<group>"; };
		75B10DF12C6A32F7000C13B0 /* MainBuilder.swift */ = {isa = PBXFileReference; lastKnownFileType = sourcecode.swift; path = MainBuilder.swift; sourceTree = "<group>"; };
		75B10DF42C6A5642000C13B0 /* SettingsView.swift */ = {isa = PBXFileReference; lastKnownFileType = sourcecode.swift; path = SettingsView.swift; sourceTree = "<group>"; };
		75B10DF62C6A564D000C13B0 /* SettingsViewModel.swift */ = {isa = PBXFileReference; lastKnownFileType = sourcecode.swift; path = SettingsViewModel.swift; sourceTree = "<group>"; };
		75B10DF82C6A5658000C13B0 /* SettingsModel.swift */ = {isa = PBXFileReference; lastKnownFileType = sourcecode.swift; path = SettingsModel.swift; sourceTree = "<group>"; };
		75B10DFA2C6A566C000C13B0 /* SettingsBuilder.swift */ = {isa = PBXFileReference; lastKnownFileType = sourcecode.swift; path = SettingsBuilder.swift; sourceTree = "<group>"; };
		75B10DFD2C6A5BAA000C13B0 /* SettingCell.swift */ = {isa = PBXFileReference; lastKnownFileType = sourcecode.swift; path = SettingCell.swift; sourceTree = "<group>"; };
		75B10E012C6BD48A000C13B0 /* UITableViewCell.swift */ = {isa = PBXFileReference; lastKnownFileType = sourcecode.swift; path = UITableViewCell.swift; sourceTree = "<group>"; };
		75B10E042C6BD4C4000C13B0 /* Grid.swift */ = {isa = PBXFileReference; lastKnownFileType = sourcecode.swift; path = Grid.swift; sourceTree = "<group>"; };
		75B10E062C6BD731000C13B0 /* UITableView.swift */ = {isa = PBXFileReference; lastKnownFileType = sourcecode.swift; path = UITableView.swift; sourceTree = "<group>"; };
		75B10E0D2C78A42D000C13B0 /* MainViewModel.swift */ = {isa = PBXFileReference; lastKnownFileType = sourcecode.swift; path = MainViewModel.swift; sourceTree = "<group>"; };
/* End PBXFileReference section */

/* Begin PBXFrameworksBuildPhase section */
		75B10DCA2C6A2A65000C13B0 /* Frameworks */ = {
			isa = PBXFrameworksBuildPhase;
			buildActionMask = 2147483647;
			files = (
			);
			runOnlyForDeploymentPostprocessing = 0;
		};
/* End PBXFrameworksBuildPhase section */

/* Begin PBXGroup section */
		75B10DC42C6A2A65000C13B0 = {
			isa = PBXGroup;
			children = (
				75B10DCF2C6A2A65000C13B0 /* Photo Redactor */,
				75B10DCE2C6A2A65000C13B0 /* Products */,
			);
			sourceTree = "<group>";
		};
		75B10DCE2C6A2A65000C13B0 /* Products */ = {
			isa = PBXGroup;
			children = (
				75B10DCD2C6A2A65000C13B0 /* Photo Redactor.app */,
			);
			name = Products;
			sourceTree = "<group>";
		};
		75B10DCF2C6A2A65000C13B0 /* Photo Redactor */ = {
			isa = PBXGroup;
			children = (
				75B10DFF2C6BD0FA000C13B0 /* DesignSystem */,
				75B10DEB2C6A31DA000C13B0 /* Main */,
				75B10DD02C6A2A65000C13B0 /* AppDelegate.swift */,
				75B10DD22C6A2A65000C13B0 /* SceneDelegate.swift */,
				75B10DD92C6A2A67000C13B0 /* Assets.xcassets */,
				75B10DDB2C6A2A67000C13B0 /* LaunchScreen.storyboard */,
				75B10DDE2C6A2A67000C13B0 /* Info.plist */,
			);
			path = "Photo Redactor";
			sourceTree = "<group>";
		};
		75B10DE42C6A2EA8000C13B0 /* Home */ = {
			isa = PBXGroup;
			children = (
				75B10DE92C6A2FBD000C13B0 /* HomeBuilder.swift */,
				75B10DE72C6A2EF1000C13B0 /* HomeModel.swift */,
				75B10DD42C6A2A65000C13B0 /* HomeViewController.swift */,
				75B10DE52C6A2EC7000C13B0 /* HomeViewModel.swift */,
			);
			path = Home;
			sourceTree = "<group>";
		};
		75B10DEB2C6A31DA000C13B0 /* Main */ = {
			isa = PBXGroup;
			children = (
				75B10DEC2C6A3243000C13B0 /* Tabs */,
				75B10DF12C6A32F7000C13B0 /* MainBuilder.swift */,
				75B10DED2C6A32AC000C13B0 /* MainView.swift */,
				75B10E0D2C78A42D000C13B0 /* MainViewModel.swift */,
			);
			path = Main;
			sourceTree = "<group>";
		};
		75B10DEC2C6A3243000C13B0 /* Tabs */ = {
			isa = PBXGroup;
			children = (
				75B10DF32C6A5630000C13B0 /* Settings */,
				75B10DE42C6A2EA8000C13B0 /* Home */,
			);
			path = Tabs;
			sourceTree = "<group>";
		};
		75B10DF32C6A5630000C13B0 /* Settings */ = {
			isa = PBXGroup;
			children = (
				75B10DFC2C6A5B98000C13B0 /* View */,
				75B10DFA2C6A566C000C13B0 /* SettingsBuilder.swift */,
				75B10DF82C6A5658000C13B0 /* SettingsModel.swift */,
				75B10DF42C6A5642000C13B0 /* SettingsView.swift */,
				75B10DF62C6A564D000C13B0 /* SettingsViewModel.swift */,
			);
			path = Settings;
			sourceTree = "<group>";
		};
		75B10DFC2C6A5B98000C13B0 /* View */ = {
			isa = PBXGroup;
			children = (
				75B10DFD2C6A5BAA000C13B0 /* SettingCell.swift */,
			);
			path = View;
			sourceTree = "<group>";
		};
		75B10DFF2C6BD0FA000C13B0 /* DesignSystem */ = {
			isa = PBXGroup;
			children = (
				75B10E032C6BD4B1000C13B0 /* Components */,
				75B10E002C6BD479000C13B0 /* Supplements */,
			);
			path = DesignSystem;
			sourceTree = "<group>";
		};
		75B10E002C6BD479000C13B0 /* Supplements */ = {
			isa = PBXGroup;
			children = (
				75B10E062C6BD731000C13B0 /* UITableView.swift */,
				75B10E012C6BD48A000C13B0 /* UITableViewCell.swift */,
			);
			path = Supplements;
			sourceTree = "<group>";
		};
		75B10E032C6BD4B1000C13B0 /* Components */ = {
			isa = PBXGroup;
			children = (
				75B10E042C6BD4C4000C13B0 /* Grid.swift */,
			);
			path = Components;
			sourceTree = "<group>";
		};
/* End PBXGroup section */

/* Begin PBXNativeTarget section */
		75B10DCC2C6A2A65000C13B0 /* Photo Redactor */ = {
			isa = PBXNativeTarget;
			buildConfigurationList = 75B10DE12C6A2A67000C13B0 /* Build configuration list for PBXNativeTarget "Photo Redactor" */;
			buildPhases = (
				75B10DC92C6A2A65000C13B0 /* Sources */,
				75B10DCA2C6A2A65000C13B0 /* Frameworks */,
				75B10DCB2C6A2A65000C13B0 /* Resources */,
			);
			buildRules = (
			);
			dependencies = (
			);
			name = "Photo Redactor";
			packageProductDependencies = (
			);
			productName = "Photo Redactor";
			productReference = 75B10DCD2C6A2A65000C13B0 /* Photo Redactor.app */;
			productType = "com.apple.product-type.application";
		};
/* End PBXNativeTarget section */

/* Begin PBXProject section */
		75B10DC52C6A2A65000C13B0 /* Project object */ = {
			isa = PBXProject;
			attributes = {
				BuildIndependentTargetsInParallel = 1;
				LastSwiftUpdateCheck = 1540;
				LastUpgradeCheck = 1540;
				TargetAttributes = {
					75B10DCC2C6A2A65000C13B0 = {
						CreatedOnToolsVersion = 15.4;
					};
				};
			};
			buildConfigurationList = 75B10DC82C6A2A65000C13B0 /* Build configuration list for PBXProject "Photo Redactor" */;
			compatibilityVersion = "Xcode 14.0";
			developmentRegion = en;
			hasScannedForEncodings = 0;
			knownRegions = (
				en,
				Base,
			);
			mainGroup = 75B10DC42C6A2A65000C13B0;
			packageReferences = (
			);
			productRefGroup = 75B10DCE2C6A2A65000C13B0 /* Products */;
			projectDirPath = "";
			projectRoot = "";
			targets = (
				75B10DCC2C6A2A65000C13B0 /* Photo Redactor */,
			);
		};
/* End PBXProject section */

/* Begin PBXResourcesBuildPhase section */
		75B10DCB2C6A2A65000C13B0 /* Resources */ = {
			isa = PBXResourcesBuildPhase;
			buildActionMask = 2147483647;
			files = (
				75B10DDA2C6A2A67000C13B0 /* Assets.xcassets in Resources */,
				75B10DDD2C6A2A67000C13B0 /* Base in Resources */,
			);
			runOnlyForDeploymentPostprocessing = 0;
		};
/* End PBXResourcesBuildPhase section */

/* Begin PBXSourcesBuildPhase section */
		75B10DC92C6A2A65000C13B0 /* Sources */ = {
			isa = PBXSourcesBuildPhase;
			buildActionMask = 2147483647;
			files = (
				75B10DF92C6A5658000C13B0 /* SettingsModel.swift in Sources */,
				75B10DEA2C6A2FBD000C13B0 /* HomeBuilder.swift in Sources */,
				75B10E022C6BD48A000C13B0 /* UITableViewCell.swift in Sources */,
				75B10DEE2C6A32AC000C13B0 /* MainView.swift in Sources */,
				75B10DD52C6A2A65000C13B0 /* HomeViewController.swift in Sources */,
				75B10DFE2C6A5BAA000C13B0 /* SettingCell.swift in Sources */,
				75B10DD12C6A2A65000C13B0 /* AppDelegate.swift in Sources */,
				75B10DD32C6A2A65000C13B0 /* SceneDelegate.swift in Sources */,
				75B10E0E2C78A42D000C13B0 /* MainViewModel.swift in Sources */,
				75B10DF52C6A5642000C13B0 /* SettingsView.swift in Sources */,
				75B10DFB2C6A566C000C13B0 /* SettingsBuilder.swift in Sources */,
				75B10DF22C6A32F7000C13B0 /* MainBuilder.swift in Sources */,
				75B10E072C6BD732000C13B0 /* UITableView.swift in Sources */,
				75B10E052C6BD4C4000C13B0 /* Grid.swift in Sources */,
				75B10DE82C6A2EF1000C13B0 /* HomeModel.swift in Sources */,
				75B10DF72C6A564D000C13B0 /* SettingsViewModel.swift in Sources */,
				75B10DE62C6A2EC7000C13B0 /* HomeViewModel.swift in Sources */,
			);
			runOnlyForDeploymentPostprocessing = 0;
		};
/* End PBXSourcesBuildPhase section */

/* Begin PBXVariantGroup section */
		75B10DDB2C6A2A67000C13B0 /* LaunchScreen.storyboard */ = {
			isa = PBXVariantGroup;
			children = (
				75B10DDC2C6A2A67000C13B0 /* Base */,
			);
			name = LaunchScreen.storyboard;
			sourceTree = "<group>";
		};
/* End PBXVariantGroup section */

/* Begin XCBuildConfiguration section */
		75B10DDF2C6A2A67000C13B0 /* Debug */ = {
			isa = XCBuildConfiguration;
			buildSettings = {
				ALWAYS_SEARCH_USER_PATHS = NO;
				ASSETCATALOG_COMPILER_GENERATE_SWIFT_ASSET_SYMBOL_EXTENSIONS = YES;
				CLANG_ANALYZER_NONNULL = YES;
				CLANG_ANALYZER_NUMBER_OBJECT_CONVERSION = YES_AGGRESSIVE;
				CLANG_CXX_LANGUAGE_STANDARD = "gnu++20";
				CLANG_ENABLE_MODULES = YES;
				CLANG_ENABLE_OBJC_ARC = YES;
				CLANG_ENABLE_OBJC_WEAK = YES;
				CLANG_WARN_BLOCK_CAPTURE_AUTORELEASING = YES;
				CLANG_WARN_BOOL_CONVERSION = YES;
				CLANG_WARN_COMMA = YES;
				CLANG_WARN_CONSTANT_CONVERSION = YES;
				CLANG_WARN_DEPRECATED_OBJC_IMPLEMENTATIONS = YES;
				CLANG_WARN_DIRECT_OBJC_ISA_USAGE = YES_ERROR;
				CLANG_WARN_DOCUMENTATION_COMMENTS = YES;
				CLANG_WARN_EMPTY_BODY = YES;
				CLANG_WARN_ENUM_CONVERSION = YES;
				CLANG_WARN_INFINITE_RECURSION = YES;
				CLANG_WARN_INT_CONVERSION = YES;
				CLANG_WARN_NON_LITERAL_NULL_CONVERSION = YES;
				CLANG_WARN_OBJC_IMPLICIT_RETAIN_SELF = YES;
				CLANG_WARN_OBJC_LITERAL_CONVERSION = YES;
				CLANG_WARN_OBJC_ROOT_CLASS = YES_ERROR;
				CLANG_WARN_QUOTED_INCLUDE_IN_FRAMEWORK_HEADER = YES;
				CLANG_WARN_RANGE_LOOP_ANALYSIS = YES;
				CLANG_WARN_STRICT_PROTOTYPES = YES;
				CLANG_WARN_SUSPICIOUS_MOVE = YES;
				CLANG_WARN_UNGUARDED_AVAILABILITY = YES_AGGRESSIVE;
				CLANG_WARN_UNREACHABLE_CODE = YES;
				CLANG_WARN__DUPLICATE_METHOD_MATCH = YES;
				COPY_PHASE_STRIP = NO;
				DEBUG_INFORMATION_FORMAT = dwarf;
				ENABLE_STRICT_OBJC_MSGSEND = YES;
				ENABLE_TESTABILITY = YES;
				ENABLE_USER_SCRIPT_SANDBOXING = YES;
				GCC_C_LANGUAGE_STANDARD = gnu17;
				GCC_DYNAMIC_NO_PIC = NO;
				GCC_NO_COMMON_BLOCKS = YES;
				GCC_OPTIMIZATION_LEVEL = 0;
				GCC_PREPROCESSOR_DEFINITIONS = (
					"DEBUG=1",
					"$(inherited)",
				);
				GCC_WARN_64_TO_32_BIT_CONVERSION = YES;
				GCC_WARN_ABOUT_RETURN_TYPE = YES_ERROR;
				GCC_WARN_UNDECLARED_SELECTOR = YES;
				GCC_WARN_UNINITIALIZED_AUTOS = YES_AGGRESSIVE;
				GCC_WARN_UNUSED_FUNCTION = YES;
				GCC_WARN_UNUSED_VARIABLE = YES;
				IPHONEOS_DEPLOYMENT_TARGET = 17.5;
				LOCALIZATION_PREFERS_STRING_CATALOGS = YES;
				MTL_ENABLE_DEBUG_INFO = INCLUDE_SOURCE;
				MTL_FAST_MATH = YES;
				ONLY_ACTIVE_ARCH = YES;
				SDKROOT = iphoneos;
				SWIFT_ACTIVE_COMPILATION_CONDITIONS = "DEBUG $(inherited)";
				SWIFT_OPTIMIZATION_LEVEL = "-Onone";
			};
			name = Debug;
		};
		75B10DE02C6A2A67000C13B0 /* Release */ = {
			isa = XCBuildConfiguration;
			buildSettings = {
				ALWAYS_SEARCH_USER_PATHS = NO;
				ASSETCATALOG_COMPILER_GENERATE_SWIFT_ASSET_SYMBOL_EXTENSIONS = YES;
				CLANG_ANALYZER_NONNULL = YES;
				CLANG_ANALYZER_NUMBER_OBJECT_CONVERSION = YES_AGGRESSIVE;
				CLANG_CXX_LANGUAGE_STANDARD = "gnu++20";
				CLANG_ENABLE_MODULES = YES;
				CLANG_ENABLE_OBJC_ARC = YES;
				CLANG_ENABLE_OBJC_WEAK = YES;
				CLANG_WARN_BLOCK_CAPTURE_AUTORELEASING = YES;
				CLANG_WARN_BOOL_CONVERSION = YES;
				CLANG_WARN_COMMA = YES;
				CLANG_WARN_CONSTANT_CONVERSION = YES;
				CLANG_WARN_DEPRECATED_OBJC_IMPLEMENTATIONS = YES;
				CLANG_WARN_DIRECT_OBJC_ISA_USAGE = YES_ERROR;
				CLANG_WARN_DOCUMENTATION_COMMENTS = YES;
				CLANG_WARN_EMPTY_BODY = YES;
				CLANG_WARN_ENUM_CONVERSION = YES;
				CLANG_WARN_INFINITE_RECURSION = YES;
				CLANG_WARN_INT_CONVERSION = YES;
				CLANG_WARN_NON_LITERAL_NULL_CONVERSION = YES;
				CLANG_WARN_OBJC_IMPLICIT_RETAIN_SELF = YES;
				CLANG_WARN_OBJC_LITERAL_CONVERSION = YES;
				CLANG_WARN_OBJC_ROOT_CLASS = YES_ERROR;
				CLANG_WARN_QUOTED_INCLUDE_IN_FRAMEWORK_HEADER = YES;
				CLANG_WARN_RANGE_LOOP_ANALYSIS = YES;
				CLANG_WARN_STRICT_PROTOTYPES = YES;
				CLANG_WARN_SUSPICIOUS_MOVE = YES;
				CLANG_WARN_UNGUARDED_AVAILABILITY = YES_AGGRESSIVE;
				CLANG_WARN_UNREACHABLE_CODE = YES;
				CLANG_WARN__DUPLICATE_METHOD_MATCH = YES;
				COPY_PHASE_STRIP = NO;
				DEBUG_INFORMATION_FORMAT = "dwarf-with-dsym";
				ENABLE_NS_ASSERTIONS = NO;
				ENABLE_STRICT_OBJC_MSGSEND = YES;
				ENABLE_USER_SCRIPT_SANDBOXING = YES;
				GCC_C_LANGUAGE_STANDARD = gnu17;
				GCC_NO_COMMON_BLOCKS = YES;
				GCC_WARN_64_TO_32_BIT_CONVERSION = YES;
				GCC_WARN_ABOUT_RETURN_TYPE = YES_ERROR;
				GCC_WARN_UNDECLARED_SELECTOR = YES;
				GCC_WARN_UNINITIALIZED_AUTOS = YES_AGGRESSIVE;
				GCC_WARN_UNUSED_FUNCTION = YES;
				GCC_WARN_UNUSED_VARIABLE = YES;
				IPHONEOS_DEPLOYMENT_TARGET = 17.5;
				LOCALIZATION_PREFERS_STRING_CATALOGS = YES;
				MTL_ENABLE_DEBUG_INFO = NO;
				MTL_FAST_MATH = YES;
				SDKROOT = iphoneos;
				SWIFT_COMPILATION_MODE = wholemodule;
				VALIDATE_PRODUCT = YES;
			};
			name = Release;
		};
		75B10DE22C6A2A67000C13B0 /* Debug */ = {
			isa = XCBuildConfiguration;
			buildSettings = {
				ASSETCATALOG_COMPILER_APPICON_NAME = AppIcon;
				ASSETCATALOG_COMPILER_GLOBAL_ACCENT_COLOR_NAME = AccentColor;
				CODE_SIGN_STYLE = Automatic;
				CURRENT_PROJECT_VERSION = 1;
				DEVELOPMENT_TEAM = RBVUFB3256;
				GENERATE_INFOPLIST_FILE = YES;
				INFOPLIST_FILE = "Photo Redactor/Info.plist";
				INFOPLIST_KEY_UIApplicationSupportsIndirectInputEvents = YES;
				INFOPLIST_KEY_UILaunchStoryboardName = LaunchScreen;
				INFOPLIST_KEY_UISupportedInterfaceOrientations_iPad = "UIInterfaceOrientationPortrait UIInterfaceOrientationPortraitUpsideDown UIInterfaceOrientationLandscapeLeft UIInterfaceOrientationLandscapeRight";
				INFOPLIST_KEY_UISupportedInterfaceOrientations_iPhone = "UIInterfaceOrientationPortrait UIInterfaceOrientationLandscapeLeft UIInterfaceOrientationLandscapeRight";
				LD_RUNPATH_SEARCH_PATHS = (
					"$(inherited)",
					"@executable_path/Frameworks",
				);
				MARKETING_VERSION = 1.0;
				PRODUCT_BUNDLE_IDENTIFIER = "artur.akulich.Photo-Redactor";
				PRODUCT_NAME = "$(TARGET_NAME)";
				SWIFT_EMIT_LOC_STRINGS = YES;
				SWIFT_VERSION = 5.0;
				TARGETED_DEVICE_FAMILY = "1,2";
			};
			name = Debug;
		};
		75B10DE32C6A2A67000C13B0 /* Release */ = {
			isa = XCBuildConfiguration;
			buildSettings = {
				ASSETCATALOG_COMPILER_APPICON_NAME = AppIcon;
				ASSETCATALOG_COMPILER_GLOBAL_ACCENT_COLOR_NAME = AccentColor;
				CODE_SIGN_STYLE = Automatic;
				CURRENT_PROJECT_VERSION = 1;
				DEVELOPMENT_TEAM = RBVUFB3256;
				GENERATE_INFOPLIST_FILE = YES;
				INFOPLIST_FILE = "Photo Redactor/Info.plist";
				INFOPLIST_KEY_UIApplicationSupportsIndirectInputEvents = YES;
				INFOPLIST_KEY_UILaunchStoryboardName = LaunchScreen;
				INFOPLIST_KEY_UISupportedInterfaceOrientations_iPad = "UIInterfaceOrientationPortrait UIInterfaceOrientationPortraitUpsideDown UIInterfaceOrientationLandscapeLeft UIInterfaceOrientationLandscapeRight";
				INFOPLIST_KEY_UISupportedInterfaceOrientations_iPhone = "UIInterfaceOrientationPortrait UIInterfaceOrientationLandscapeLeft UIInterfaceOrientationLandscapeRight";
				LD_RUNPATH_SEARCH_PATHS = (
					"$(inherited)",
					"@executable_path/Frameworks",
				);
				MARKETING_VERSION = 1.0;
				PRODUCT_BUNDLE_IDENTIFIER = "artur.akulich.Photo-Redactor";
				PRODUCT_NAME = "$(TARGET_NAME)";
				SWIFT_EMIT_LOC_STRINGS = YES;
				SWIFT_VERSION = 5.0;
				TARGETED_DEVICE_FAMILY = "1,2";
			};
			name = Release;
		};
/* End XCBuildConfiguration section */

/* Begin XCConfigurationList section */
		75B10DC82C6A2A65000C13B0 /* Build configuration list for PBXProject "Photo Redactor" */ = {
			isa = XCConfigurationList;
			buildConfigurations = (
				75B10DDF2C6A2A67000C13B0 /* Debug */,
				75B10DE02C6A2A67000C13B0 /* Release */,
			);
			defaultConfigurationIsVisible = 0;
			defaultConfigurationName = Release;
		};
		75B10DE12C6A2A67000C13B0 /* Build configuration list for PBXNativeTarget "Photo Redactor" */ = {
			isa = XCConfigurationList;
			buildConfigurations = (
				75B10DE22C6A2A67000C13B0 /* Debug */,
				75B10DE32C6A2A67000C13B0 /* Release */,
			);
			defaultConfigurationIsVisible = 0;
			defaultConfigurationName = Release;
		};
/* End XCConfigurationList section */
	};
	rootObject = 75B10DC52C6A2A65000C13B0 /* Project object */;
}
